// !$*UTF8*$!
{
	archiveVersion = 1;
	classes = {
	};
	objectVersion = 50;
	objects = {

/* Begin PBXBuildFile section */
		036F0AB28151A95FEDDC3AD6 /* Pods_TSAVideoCallSDK.framework in Frameworks */ = {isa = PBXBuildFile; fileRef = 74647B24BA649899492A163F /* Pods_TSAVideoCallSDK.framework */; };
		E71B5AF72696B94E000AB3F0 /* TSAVideoCallView.swift in Sources */ = {isa = PBXBuildFile; fileRef = E71B5AF62696B94E000AB3F0 /* TSAVideoCallView.swift */; };
		E74D8FE4269035E60056D909 /* Assets.xcassets in Resources */ = {isa = PBXBuildFile; fileRef = E74D8FD626902B670056D909 /* Assets.xcassets */; };
		E7673F69268EDF8C00D7B3E0 /* TSAVideoCallSocket.swift in Sources */ = {isa = PBXBuildFile; fileRef = E7673F68268EDF8C00D7B3E0 /* TSAVideoCallSocket.swift */; };
		E7673F6B268EDFC400D7B3E0 /* TSAVideoCallTransaction.swift in Sources */ = {isa = PBXBuildFile; fileRef = E7673F6A268EDFC400D7B3E0 /* TSAVideoCallTransaction.swift */; };
		E7673F6D268EE01900D7B3E0 /* TSAVideoCallHandle.swift in Sources */ = {isa = PBXBuildFile; fileRef = E7673F6C268EE01900D7B3E0 /* TSAVideoCallHandle.swift */; };
		E7673F6F268EE04A00D7B3E0 /* TSAVideoCallConnection.swift in Sources */ = {isa = PBXBuildFile; fileRef = E7673F6E268EE04A00D7B3E0 /* TSAVideoCallConnection.swift */; };
		E7673F71268EE07C00D7B3E0 /* RTCSessionDescription.swift in Sources */ = {isa = PBXBuildFile; fileRef = E7673F70268EE07C00D7B3E0 /* RTCSessionDescription.swift */; };
		E7673F75268EE0BF00D7B3E0 /* TSAVideoCallMediaControllers.swift in Sources */ = {isa = PBXBuildFile; fileRef = E7673F74268EE0BF00D7B3E0 /* TSAVideoCallMediaControllers.swift */; };
		E7673F77268EE0D600D7B3E0 /* TSAVideoCallMediaControllersDelegate.swift in Sources */ = {isa = PBXBuildFile; fileRef = E7673F76268EE0D600D7B3E0 /* TSAVideoCallMediaControllersDelegate.swift */; };
/* End PBXBuildFile section */

/* Begin PBXContainerItemProxy section */
		E74D8FE2269035D60056D909 /* PBXContainerItemProxy */ = {
			isa = PBXContainerItemProxy;
			containerPortal = E7673F56268ED97B00D7B3E0 /* Project object */;
			proxyType = 1;
			remoteGlobalIDString = E74D8FDB269035B70056D909;
			remoteInfo = TSAVideoCallResources;
		};
/* End PBXContainerItemProxy section */

/* Begin PBXCopyFilesBuildPhase section */
		E7673F5C268ED97B00D7B3E0 /* CopyFiles */ = {
			isa = PBXCopyFilesBuildPhase;
			buildActionMask = 2147483647;
			dstPath = "include/$(PRODUCT_NAME)";
			dstSubfolderSpec = 16;
			files = (
			);
			runOnlyForDeploymentPostprocessing = 0;
		};
/* End PBXCopyFilesBuildPhase section */

/* Begin PBXFileReference section */
		262FB73231A53EFEE235A715 /* Pods-TSAVideoCallSDK.debug.xcconfig */ = {isa = PBXFileReference; includeInIndex = 1; lastKnownFileType = text.xcconfig; name = "Pods-TSAVideoCallSDK.debug.xcconfig"; path = "Target Support Files/Pods-TSAVideoCallSDK/Pods-TSAVideoCallSDK.debug.xcconfig"; sourceTree = "<group>"; };
		6C8E088F18017D634258EFFC /* Pods-TSAVideoCallSDK.release.xcconfig */ = {isa = PBXFileReference; includeInIndex = 1; lastKnownFileType = text.xcconfig; name = "Pods-TSAVideoCallSDK.release.xcconfig"; path = "Target Support Files/Pods-TSAVideoCallSDK/Pods-TSAVideoCallSDK.release.xcconfig"; sourceTree = "<group>"; };
		74647B24BA649899492A163F /* Pods_TSAVideoCallSDK.framework */ = {isa = PBXFileReference; explicitFileType = wrapper.framework; includeInIndex = 0; path = Pods_TSAVideoCallSDK.framework; sourceTree = BUILT_PRODUCTS_DIR; };
		E71B5AF62696B94E000AB3F0 /* TSAVideoCallView.swift */ = {isa = PBXFileReference; lastKnownFileType = sourcecode.swift; path = TSAVideoCallView.swift; sourceTree = "<group>"; };
		E74D8FD626902B670056D909 /* Assets.xcassets */ = {isa = PBXFileReference; lastKnownFileType = folder.assetcatalog; path = Assets.xcassets; sourceTree = "<group>"; };
		E74D8FDC269035B70056D909 /* TSAVideoCallResources.bundle */ = {isa = PBXFileReference; explicitFileType = wrapper.cfbundle; includeInIndex = 0; path = TSAVideoCallResources.bundle; sourceTree = BUILT_PRODUCTS_DIR; };
		E74D8FDE269035B70056D909 /* Info.plist */ = {isa = PBXFileReference; lastKnownFileType = text.plist.xml; path = Info.plist; sourceTree = "<group>"; };
		E7673F5E268ED97B00D7B3E0 /* libTSAVideoCallSDK.a */ = {isa = PBXFileReference; explicitFileType = archive.ar; includeInIndex = 0; path = libTSAVideoCallSDK.a; sourceTree = BUILT_PRODUCTS_DIR; };
		E7673F68268EDF8C00D7B3E0 /* TSAVideoCallSocket.swift */ = {isa = PBXFileReference; lastKnownFileType = sourcecode.swift; path = TSAVideoCallSocket.swift; sourceTree = "<group>"; };
		E7673F6A268EDFC400D7B3E0 /* TSAVideoCallTransaction.swift */ = {isa = PBXFileReference; lastKnownFileType = sourcecode.swift; path = TSAVideoCallTransaction.swift; sourceTree = "<group>"; };
		E7673F6C268EE01900D7B3E0 /* TSAVideoCallHandle.swift */ = {isa = PBXFileReference; lastKnownFileType = sourcecode.swift; path = TSAVideoCallHandle.swift; sourceTree = "<group>"; };
		E7673F6E268EE04A00D7B3E0 /* TSAVideoCallConnection.swift */ = {isa = PBXFileReference; lastKnownFileType = sourcecode.swift; path = TSAVideoCallConnection.swift; sourceTree = "<group>"; };
		E7673F70268EE07C00D7B3E0 /* RTCSessionDescription.swift */ = {isa = PBXFileReference; lastKnownFileType = sourcecode.swift; path = RTCSessionDescription.swift; sourceTree = "<group>"; };
		E7673F74268EE0BF00D7B3E0 /* TSAVideoCallMediaControllers.swift */ = {isa = PBXFileReference; lastKnownFileType = sourcecode.swift; path = TSAVideoCallMediaControllers.swift; sourceTree = "<group>"; };
		E7673F76268EE0D600D7B3E0 /* TSAVideoCallMediaControllersDelegate.swift */ = {isa = PBXFileReference; lastKnownFileType = sourcecode.swift; path = TSAVideoCallMediaControllersDelegate.swift; sourceTree = "<group>"; };
/* End PBXFileReference section */

/* Begin PBXFrameworksBuildPhase section */
		E74D8FD9269035B70056D909 /* Frameworks */ = {
			isa = PBXFrameworksBuildPhase;
			buildActionMask = 2147483647;
			files = (
			);
			runOnlyForDeploymentPostprocessing = 0;
		};
		E7673F5B268ED97B00D7B3E0 /* Frameworks */ = {
			isa = PBXFrameworksBuildPhase;
			buildActionMask = 2147483647;
			files = (
				036F0AB28151A95FEDDC3AD6 /* Pods_TSAVideoCallSDK.framework in Frameworks */,
			);
			runOnlyForDeploymentPostprocessing = 0;
		};
/* End PBXFrameworksBuildPhase section */

/* Begin PBXGroup section */
		289992EAEF8186340F17FC7D /* Pods */ = {
			isa = PBXGroup;
			children = (
				262FB73231A53EFEE235A715 /* Pods-TSAVideoCallSDK.debug.xcconfig */,
				6C8E088F18017D634258EFFC /* Pods-TSAVideoCallSDK.release.xcconfig */,
			);
			path = Pods;
			sourceTree = "<group>";
		};
		A04D4D6138FD067206D1EEB6 /* Frameworks */ = {
			isa = PBXGroup;
			children = (
				74647B24BA649899492A163F /* Pods_TSAVideoCallSDK.framework */,
			);
			name = Frameworks;
			sourceTree = "<group>";
		};
		E74D8FDD269035B70056D909 /* TSAVideoCallResources */ = {
			isa = PBXGroup;
			children = (
				E74D8FD626902B670056D909 /* Assets.xcassets */,
				E74D8FDE269035B70056D909 /* Info.plist */,
			);
			path = TSAVideoCallResources;
			sourceTree = "<group>";
		};
		E7673F55268ED97B00D7B3E0 = {
			isa = PBXGroup;
			children = (
				E7673F60268ED97B00D7B3E0 /* TSAVideoCallSDK */,
				E74D8FDD269035B70056D909 /* TSAVideoCallResources */,
				E7673F5F268ED97B00D7B3E0 /* Products */,
				289992EAEF8186340F17FC7D /* Pods */,
				A04D4D6138FD067206D1EEB6 /* Frameworks */,
			);
			sourceTree = "<group>";
		};
		E7673F5F268ED97B00D7B3E0 /* Products */ = {
			isa = PBXGroup;
			children = (
				E7673F5E268ED97B00D7B3E0 /* libTSAVideoCallSDK.a */,
				E74D8FDC269035B70056D909 /* TSAVideoCallResources.bundle */,
			);
			name = Products;
			sourceTree = "<group>";
		};
		E7673F60268ED97B00D7B3E0 /* TSAVideoCallSDK */ = {
			isa = PBXGroup;
			children = (
				E7673F68268EDF8C00D7B3E0 /* TSAVideoCallSocket.swift */,
				E7673F6A268EDFC400D7B3E0 /* TSAVideoCallTransaction.swift */,
				E7673F6C268EE01900D7B3E0 /* TSAVideoCallHandle.swift */,
				E7673F6E268EE04A00D7B3E0 /* TSAVideoCallConnection.swift */,
				E7673F70268EE07C00D7B3E0 /* RTCSessionDescription.swift */,
				E7673F74268EE0BF00D7B3E0 /* TSAVideoCallMediaControllers.swift */,
				E7673F76268EE0D600D7B3E0 /* TSAVideoCallMediaControllersDelegate.swift */,
				E71B5AF62696B94E000AB3F0 /* TSAVideoCallView.swift */,
			);
			path = TSAVideoCallSDK;
			sourceTree = "<group>";
		};
/* End PBXGroup section */

/* Begin PBXNativeTarget section */
		E74D8FDB269035B70056D909 /* TSAVideoCallResources */ = {
			isa = PBXNativeTarget;
			buildConfigurationList = E74D8FDF269035B70056D909 /* Build configuration list for PBXNativeTarget "TSAVideoCallResources" */;
			buildPhases = (
				E74D8FD8269035B70056D909 /* Sources */,
				E74D8FD9269035B70056D909 /* Frameworks */,
				E74D8FDA269035B70056D909 /* Resources */,
			);
			buildRules = (
			);
			dependencies = (
			);
			name = TSAVideoCallResources;
			productName = TSAVideoCallResources;
			productReference = E74D8FDC269035B70056D909 /* TSAVideoCallResources.bundle */;
			productType = "com.apple.product-type.bundle";
		};
		E7673F5D268ED97B00D7B3E0 /* TSAVideoCallSDK */ = {
			isa = PBXNativeTarget;
			buildConfigurationList = E7673F65268ED97B00D7B3E0 /* Build configuration list for PBXNativeTarget "TSAVideoCallSDK" */;
			buildPhases = (
				76F43F00557E84AB4207578A /* [CP] Check Pods Manifest.lock */,
				E7673F5A268ED97B00D7B3E0 /* Sources */,
				E7673F5B268ED97B00D7B3E0 /* Frameworks */,
				E7673F5C268ED97B00D7B3E0 /* CopyFiles */,
			);
			buildRules = (
			);
			dependencies = (
				E74D8FE3269035D60056D909 /* PBXTargetDependency */,
			);
			name = TSAVideoCallSDK;
			productName = TSAVideoCallSDK;
			productReference = E7673F5E268ED97B00D7B3E0 /* libTSAVideoCallSDK.a */;
			productType = "com.apple.product-type.library.static";
		};
/* End PBXNativeTarget section */

/* Begin PBXProject section */
		E7673F56268ED97B00D7B3E0 /* Project object */ = {
			isa = PBXProject;
			attributes = {
				LastSwiftUpdateCheck = 1250;
				LastUpgradeCheck = 1250;
				TargetAttributes = {
					E74D8FDB269035B70056D909 = {
						CreatedOnToolsVersion = 12.5;
					};
					E7673F5D268ED97B00D7B3E0 = {
						CreatedOnToolsVersion = 12.5;
					};
				};
			};
			buildConfigurationList = E7673F59268ED97B00D7B3E0 /* Build configuration list for PBXProject "TSAVideoCallSDK" */;
			compatibilityVersion = "Xcode 9.3";
			developmentRegion = en;
			hasScannedForEncodings = 0;
			knownRegions = (
				en,
				Base,
			);
			mainGroup = E7673F55268ED97B00D7B3E0;
			productRefGroup = E7673F5F268ED97B00D7B3E0 /* Products */;
			projectDirPath = "";
			projectRoot = "";
			targets = (
				E7673F5D268ED97B00D7B3E0 /* TSAVideoCallSDK */,
				E74D8FDB269035B70056D909 /* TSAVideoCallResources */,
			);
		};
/* End PBXProject section */

/* Begin PBXResourcesBuildPhase section */
		E74D8FDA269035B70056D909 /* Resources */ = {
			isa = PBXResourcesBuildPhase;
			buildActionMask = 2147483647;
			files = (
				E74D8FE4269035E60056D909 /* Assets.xcassets in Resources */,
			);
			runOnlyForDeploymentPostprocessing = 0;
		};
/* End PBXResourcesBuildPhase section */

/* Begin PBXShellScriptBuildPhase section */
		76F43F00557E84AB4207578A /* [CP] Check Pods Manifest.lock */ = {
			isa = PBXShellScriptBuildPhase;
			buildActionMask = 2147483647;
			files = (
			);
			inputFileListPaths = (
			);
			inputPaths = (
				"${PODS_PODFILE_DIR_PATH}/Podfile.lock",
				"${PODS_ROOT}/Manifest.lock",
			);
			name = "[CP] Check Pods Manifest.lock";
			outputFileListPaths = (
			);
			outputPaths = (
				"$(DERIVED_FILE_DIR)/Pods-TSAVideoCallSDK-checkManifestLockResult.txt",
			);
			runOnlyForDeploymentPostprocessing = 0;
			shellPath = /bin/sh;
			shellScript = "diff \"${PODS_PODFILE_DIR_PATH}/Podfile.lock\" \"${PODS_ROOT}/Manifest.lock\" > /dev/null\nif [ $? != 0 ] ; then\n    # print error to STDERR\n    echo \"error: The sandbox is not in sync with the Podfile.lock. Run 'pod install' or update your CocoaPods installation.\" >&2\n    exit 1\nfi\n# This output is used by Xcode 'outputs' to avoid re-running this script phase.\necho \"SUCCESS\" > \"${SCRIPT_OUTPUT_FILE_0}\"\n";
			showEnvVarsInLog = 0;
		};
/* End PBXShellScriptBuildPhase section */

/* Begin PBXSourcesBuildPhase section */
		E74D8FD8269035B70056D909 /* Sources */ = {
			isa = PBXSourcesBuildPhase;
			buildActionMask = 2147483647;
			files = (
			);
			runOnlyForDeploymentPostprocessing = 0;
		};
		E7673F5A268ED97B00D7B3E0 /* Sources */ = {
			isa = PBXSourcesBuildPhase;
			buildActionMask = 2147483647;
			files = (
				E71B5AF72696B94E000AB3F0 /* TSAVideoCallView.swift in Sources */,
				E7673F6B268EDFC400D7B3E0 /* TSAVideoCallTransaction.swift in Sources */,
				E7673F77268EE0D600D7B3E0 /* TSAVideoCallMediaControllersDelegate.swift in Sources */,
				E7673F6D268EE01900D7B3E0 /* TSAVideoCallHandle.swift in Sources */,
				E7673F6F268EE04A00D7B3E0 /* TSAVideoCallConnection.swift in Sources */,
				E7673F71268EE07C00D7B3E0 /* RTCSessionDescription.swift in Sources */,
				E7673F69268EDF8C00D7B3E0 /* TSAVideoCallSocket.swift in Sources */,
				E7673F75268EE0BF00D7B3E0 /* TSAVideoCallMediaControllers.swift in Sources */,
			);
			runOnlyForDeploymentPostprocessing = 0;
		};
/* End PBXSourcesBuildPhase section */

/* Begin PBXTargetDependency section */
		E74D8FE3269035D60056D909 /* PBXTargetDependency */ = {
			isa = PBXTargetDependency;
			target = E74D8FDB269035B70056D909 /* TSAVideoCallResources */;
			targetProxy = E74D8FE2269035D60056D909 /* PBXContainerItemProxy */;
		};
/* End PBXTargetDependency section */

/* Begin XCBuildConfiguration section */
		E74D8FE0269035B70056D909 /* Debug */ = {
			isa = XCBuildConfiguration;
			buildSettings = {
				CODE_SIGN_STYLE = Automatic;
				COMBINE_HIDPI_IMAGES = YES;
				DEVELOPMENT_TEAM = D347KV8V3J;
				INFOPLIST_FILE = TSAVideoCallResources/Info.plist;
				INSTALL_PATH = "$(LOCAL_LIBRARY_DIR)/Bundles";
				MACOSX_DEPLOYMENT_TARGET = 11.2;
				PRODUCT_BUNDLE_IDENTIFIER = tsa.videocall.sdk.hb.TSAVideoCallResources;
				PRODUCT_NAME = "$(TARGET_NAME)";
				SDKROOT = iphoneos;
				SKIP_INSTALL = YES;
				WRAPPER_EXTENSION = bundle;
			};
			name = Debug;
		};
		E74D8FE1269035B70056D909 /* Release */ = {
			isa = XCBuildConfiguration;
			buildSettings = {
				CODE_SIGN_STYLE = Automatic;
				COMBINE_HIDPI_IMAGES = YES;
				DEVELOPMENT_TEAM = D347KV8V3J;
				INFOPLIST_FILE = TSAVideoCallResources/Info.plist;
				INSTALL_PATH = "$(LOCAL_LIBRARY_DIR)/Bundles";
				MACOSX_DEPLOYMENT_TARGET = 11.2;
				PRODUCT_BUNDLE_IDENTIFIER = tsa.videocall.sdk.hb.TSAVideoCallResources;
				PRODUCT_NAME = "$(TARGET_NAME)";
				SDKROOT = iphoneos;
				SKIP_INSTALL = YES;
				WRAPPER_EXTENSION = bundle;
			};
			name = Release;
		};
		E7673F63268ED97B00D7B3E0 /* Debug */ = {
			isa = XCBuildConfiguration;
			buildSettings = {
				ALWAYS_SEARCH_USER_PATHS = NO;
				CLANG_ANALYZER_NONNULL = YES;
				CLANG_ANALYZER_NUMBER_OBJECT_CONVERSION = YES_AGGRESSIVE;
				CLANG_CXX_LANGUAGE_STANDARD = "gnu++14";
				CLANG_CXX_LIBRARY = "libc++";
				CLANG_ENABLE_MODULES = YES;
				CLANG_ENABLE_OBJC_ARC = YES;
				CLANG_ENABLE_OBJC_WEAK = YES;
				CLANG_WARN_BLOCK_CAPTURE_AUTORELEASING = YES;
				CLANG_WARN_BOOL_CONVERSION = YES;
				CLANG_WARN_COMMA = YES;
				CLANG_WARN_CONSTANT_CONVERSION = YES;
				CLANG_WARN_DEPRECATED_OBJC_IMPLEMENTATIONS = YES;
				CLANG_WARN_DIRECT_OBJC_ISA_USAGE = YES_ERROR;
				CLANG_WARN_DOCUMENTATION_COMMENTS = YES;
				CLANG_WARN_EMPTY_BODY = YES;
				CLANG_WARN_ENUM_CONVERSION = YES;
				CLANG_WARN_INFINITE_RECURSION = YES;
				CLANG_WARN_INT_CONVERSION = YES;
				CLANG_WARN_NON_LITERAL_NULL_CONVERSION = YES;
				CLANG_WARN_OBJC_IMPLICIT_RETAIN_SELF = YES;
				CLANG_WARN_OBJC_LITERAL_CONVERSION = YES;
				CLANG_WARN_OBJC_ROOT_CLASS = YES_ERROR;
				CLANG_WARN_QUOTED_INCLUDE_IN_FRAMEWORK_HEADER = YES;
				CLANG_WARN_RANGE_LOOP_ANALYSIS = YES;
				CLANG_WARN_STRICT_PROTOTYPES = YES;
				CLANG_WARN_SUSPICIOUS_MOVE = YES;
				CLANG_WARN_UNGUARDED_AVAILABILITY = YES_AGGRESSIVE;
				CLANG_WARN_UNREACHABLE_CODE = YES;
				CLANG_WARN__DUPLICATE_METHOD_MATCH = YES;
				COPY_PHASE_STRIP = NO;
				DEBUG_INFORMATION_FORMAT = dwarf;
				ENABLE_STRICT_OBJC_MSGSEND = YES;
				ENABLE_TESTABILITY = YES;
				GCC_C_LANGUAGE_STANDARD = gnu11;
				GCC_DYNAMIC_NO_PIC = NO;
				GCC_NO_COMMON_BLOCKS = YES;
				GCC_OPTIMIZATION_LEVEL = 0;
				GCC_PREPROCESSOR_DEFINITIONS = (
					"DEBUG=1",
					"$(inherited)",
				);
				GCC_WARN_64_TO_32_BIT_CONVERSION = YES;
				GCC_WARN_ABOUT_RETURN_TYPE = YES_ERROR;
				GCC_WARN_UNDECLARED_SELECTOR = YES;
				GCC_WARN_UNINITIALIZED_AUTOS = YES_AGGRESSIVE;
				GCC_WARN_UNUSED_FUNCTION = YES;
				GCC_WARN_UNUSED_VARIABLE = YES;
				IPHONEOS_DEPLOYMENT_TARGET = 11.0;
				MTL_ENABLE_DEBUG_INFO = INCLUDE_SOURCE;
				MTL_FAST_MATH = YES;
				ONLY_ACTIVE_ARCH = YES;
				SDKROOT = iphoneos;
				SWIFT_ACTIVE_COMPILATION_CONDITIONS = DEBUG;
				SWIFT_OPTIMIZATION_LEVEL = "-Onone";
			};
			name = Debug;
		};
		E7673F64268ED97B00D7B3E0 /* Release */ = {
			isa = XCBuildConfiguration;
			buildSettings = {
				ALWAYS_SEARCH_USER_PATHS = NO;
				CLANG_ANALYZER_NONNULL = YES;
				CLANG_ANALYZER_NUMBER_OBJECT_CONVERSION = YES_AGGRESSIVE;
				CLANG_CXX_LANGUAGE_STANDARD = "gnu++14";
				CLANG_CXX_LIBRARY = "libc++";
				CLANG_ENABLE_MODULES = YES;
				CLANG_ENABLE_OBJC_ARC = YES;
				CLANG_ENABLE_OBJC_WEAK = YES;
				CLANG_WARN_BLOCK_CAPTURE_AUTORELEASING = YES;
				CLANG_WARN_BOOL_CONVERSION = YES;
				CLANG_WARN_COMMA = YES;
				CLANG_WARN_CONSTANT_CONVERSION = YES;
				CLANG_WARN_DEPRECATED_OBJC_IMPLEMENTATIONS = YES;
				CLANG_WARN_DIRECT_OBJC_ISA_USAGE = YES_ERROR;
				CLANG_WARN_DOCUMENTATION_COMMENTS = YES;
				CLANG_WARN_EMPTY_BODY = YES;
				CLANG_WARN_ENUM_CONVERSION = YES;
				CLANG_WARN_INFINITE_RECURSION = YES;
				CLANG_WARN_INT_CONVERSION = YES;
				CLANG_WARN_NON_LITERAL_NULL_CONVERSION = YES;
				CLANG_WARN_OBJC_IMPLICIT_RETAIN_SELF = YES;
				CLANG_WARN_OBJC_LITERAL_CONVERSION = YES;
				CLANG_WARN_OBJC_ROOT_CLASS = YES_ERROR;
				CLANG_WARN_QUOTED_INCLUDE_IN_FRAMEWORK_HEADER = YES;
				CLANG_WARN_RANGE_LOOP_ANALYSIS = YES;
				CLANG_WARN_STRICT_PROTOTYPES = YES;
				CLANG_WARN_SUSPICIOUS_MOVE = YES;
				CLANG_WARN_UNGUARDED_AVAILABILITY = YES_AGGRESSIVE;
				CLANG_WARN_UNREACHABLE_CODE = YES;
				CLANG_WARN__DUPLICATE_METHOD_MATCH = YES;
				COPY_PHASE_STRIP = NO;
				DEBUG_INFORMATION_FORMAT = "dwarf-with-dsym";
				ENABLE_NS_ASSERTIONS = NO;
				ENABLE_STRICT_OBJC_MSGSEND = YES;
				GCC_C_LANGUAGE_STANDARD = gnu11;
				GCC_NO_COMMON_BLOCKS = YES;
				GCC_WARN_64_TO_32_BIT_CONVERSION = YES;
				GCC_WARN_ABOUT_RETURN_TYPE = YES_ERROR;
				GCC_WARN_UNDECLARED_SELECTOR = YES;
				GCC_WARN_UNINITIALIZED_AUTOS = YES_AGGRESSIVE;
				GCC_WARN_UNUSED_FUNCTION = YES;
				GCC_WARN_UNUSED_VARIABLE = YES;
				IPHONEOS_DEPLOYMENT_TARGET = 11.0;
				MTL_ENABLE_DEBUG_INFO = NO;
				MTL_FAST_MATH = YES;
				SDKROOT = iphoneos;
				SWIFT_COMPILATION_MODE = wholemodule;
				SWIFT_OPTIMIZATION_LEVEL = "-O";
				VALIDATE_PRODUCT = YES;
			};
			name = Release;
		};
		E7673F66268ED97B00D7B3E0 /* Debug */ = {
			isa = XCBuildConfiguration;
			baseConfigurationReference = 262FB73231A53EFEE235A715 /* Pods-TSAVideoCallSDK.debug.xcconfig */;
			buildSettings = {
				CODE_SIGN_STYLE = Automatic;
				DEVELOPMENT_TEAM = D347KV8V3J;
				OTHER_LDFLAGS = "-ObjC";
				PRODUCT_NAME = "$(TARGET_NAME)";
				SKIP_INSTALL = YES;
				SWIFT_VERSION = 5.0;
				TARGETED_DEVICE_FAMILY = "1,2";
			};
			name = Debug;
		};
		E7673F67268ED97B00D7B3E0 /* Release */ = {
			isa = XCBuildConfiguration;
			baseConfigurationReference = 6C8E088F18017D634258EFFC /* Pods-TSAVideoCallSDK.release.xcconfig */;
			buildSettings = {
				CODE_SIGN_STYLE = Automatic;
				DEVELOPMENT_TEAM = D347KV8V3J;
				OTHER_LDFLAGS = "-ObjC";
				PRODUCT_NAME = "$(TARGET_NAME)";
				SKIP_INSTALL = YES;
				SWIFT_VERSION = 5.0;
				TARGETED_DEVICE_FAMILY = "1,2";
			};
			name = Release;
		};
/* End XCBuildConfiguration section */

/* Begin XCConfigurationList section */
		E74D8FDF269035B70056D909 /* Build configuration list for PBXNativeTarget "TSAVideoCallResources" */ = {
			isa = XCConfigurationList;
			buildConfigurations = (
				E74D8FE0269035B70056D909 /* Debug */,
				E74D8FE1269035B70056D909 /* Release */,
			);
			defaultConfigurationIsVisible = 0;
			defaultConfigurationName = Release;
		};
		E7673F59268ED97B00D7B3E0 /* Build configuration list for PBXProject "TSAVideoCallSDK" */ = {
			isa = XCConfigurationList;
			buildConfigurations = (
				E7673F63268ED97B00D7B3E0 /* Debug */,
				E7673F64268ED97B00D7B3E0 /* Release */,
			);
			defaultConfigurationIsVisible = 0;
			defaultConfigurationName = Release;
		};
		E7673F65268ED97B00D7B3E0 /* Build configuration list for PBXNativeTarget "TSAVideoCallSDK" */ = {
			isa = XCConfigurationList;
			buildConfigurations = (
				E7673F66268ED97B00D7B3E0 /* Debug */,
				E7673F67268ED97B00D7B3E0 /* Release */,
			);
			defaultConfigurationIsVisible = 0;
			defaultConfigurationName = Release;
		};
/* End XCConfigurationList section */
	};
	rootObject = E7673F56268ED97B00D7B3E0 /* Project object */;
}
